
Microsoft Visual Studio Solution File, Format Version 12.00
# Visual Studio Version 16
VisualStudioVersion = 16.0.30804.86
MinimumVisualStudioVersion = 10.0.40219.1
Project("{FAE04EC0-301F-11D3-BF4B-00C04F79EFBC}") = "ScoresMaster", "ScoresMaster\ScoresMaster.csproj", "{39401FCC-444D-454A-9CCE-DA349904E658}"
EndProject
Project("{FAE04EC0-301F-11D3-BF4B-00C04F79EFBC}") = "DataManager.Data", "DataManager.Data\DataManager.Data.csproj", "{18DA9533-73D7-4C61-B012-31911ADA374A}"
EndProject
Global
	GlobalSection(SolutionConfigurationPlatforms) = preSolution
		Debug|Any CPU = Debug|Any CPU
		Release|Any CPU = Release|Any CPU
	EndGlobalSection
	GlobalSection(ProjectConfigurationPlatforms) = postSolution
		{39401FCC-444D-454A-9CCE-DA349904E658}.Debug|Any CPU.ActiveCfg = Debug|Any CPU
		{39401FCC-444D-454A-9CCE-DA349904E658}.Debug|Any CPU.Build.0 = Debug|Any CPU
		{39401FCC-444D-454A-9CCE-DA349904E658}.Release|Any CPU.ActiveCfg = Release|Any CPU
		{39401FCC-444D-454A-9CCE-DA349904E658}.Release|Any CPU.Build.0 = Release|Any CPU
		{18DA9533-73D7-4C61-B012-31911ADA374A}.Debug|Any CPU.ActiveCfg = Debug|Any CPU
		{18DA9533-73D7-4C61-B012-31911ADA374A}.Debug|Any CPU.Build.0 = Debug|Any CPU
		{18DA9533-73D7-4C61-B012-31911ADA374A}.Release|Any CPU.ActiveCfg = Release|Any CPU
		{18DA9533-73D7-4C61-B012-31911ADA374A}.Release|Any CPU.Build.0 = Release|Any CPU
	EndGlobalSection
	GlobalSection(SolutionProperties) = preSolution
		HideSolutionNode = FALSE
	EndGlobalSection
	GlobalSection(ExtensibilityGlobals) = postSolution
		SolutionGuid = {2E756C03-3C4F-44CF-8B50-6BAC0E164BE1}
	EndGlobalSection
EndGlobal
