
Microsoft Visual Studio Solution File, Format Version 12.00
# Visual Studio Version 16
VisualStudioVersion = 16.0.31112.23
MinimumVisualStudioVersion = 10.0.40219.1
Project("{FAE04EC0-301F-11D3-BF4B-00C04F79EFBC}") = "CircusTrein", "CircusTrein\CircusTrein.csproj", "{E59C1CFD-1CD5-4E28-84F4-187E8E564AAD}"
EndProject
Global
	GlobalSection(SolutionConfigurationPlatforms) = preSolution
		Debug|Any CPU = Debug|Any CPU
		Release|Any CPU = Release|Any CPU
	EndGlobalSection
	GlobalSection(ProjectConfigurationPlatforms) = postSolution
		{E59C1CFD-1CD5-4E28-84F4-187E8E564AAD}.Debug|Any CPU.ActiveCfg = Debug|Any CPU
		{E59C1CFD-1CD5-4E28-84F4-187E8E564AAD}.Debug|Any CPU.Build.0 = Debug|Any CPU
		{E59C1CFD-1CD5-4E28-84F4-187E8E564AAD}.Release|Any CPU.ActiveCfg = Release|Any CPU
		{E59C1CFD-1CD5-4E28-84F4-187E8E564AAD}.Release|Any CPU.Build.0 = Release|Any CPU
	EndGlobalSection
	GlobalSection(SolutionProperties) = preSolution
		HideSolutionNode = FALSE
	EndGlobalSection
	GlobalSection(ExtensibilityGlobals) = postSolution
		SolutionGuid = {B0C8E370-633F-41A3-943E-F17C9FAC4101}
	EndGlobalSection
EndGlobal
